// !$*UTF8*$!
{
	archiveVersion = 1;
	classes = {
	};
	objectVersion = 56;
	objects = {

/* Begin PBXBuildFile section */
		93047FEB2C0EF558006F9B0B /* CormorantUpright-Bold.ttf in Resources */ = {isa = PBXBuildFile; fileRef = 93047FE52C0EF558006F9B0B /* CormorantUpright-Bold.ttf */; };
		93047FEC2C0EF558006F9B0B /* CormorantUpright-Light.ttf in Resources */ = {isa = PBXBuildFile; fileRef = 93047FE62C0EF558006F9B0B /* CormorantUpright-Light.ttf */; };
		93047FED2C0EF558006F9B0B /* CormorantUpright-Medium.ttf in Resources */ = {isa = PBXBuildFile; fileRef = 93047FE72C0EF558006F9B0B /* CormorantUpright-Medium.ttf */; };
		93047FEE2C0EF558006F9B0B /* CormorantUpright-Regular.ttf in Resources */ = {isa = PBXBuildFile; fileRef = 93047FE82C0EF558006F9B0B /* CormorantUpright-Regular.ttf */; };
		93047FEF2C0EF558006F9B0B /* CormorantUpright-SemiBold.ttf in Resources */ = {isa = PBXBuildFile; fileRef = 93047FE92C0EF558006F9B0B /* CormorantUpright-SemiBold.ttf */; };
		93047FFF2C0F1A00006F9B0B /* typewriterClick1.mp3 in Resources */ = {isa = PBXBuildFile; fileRef = 93047FFD2C0F1A00006F9B0B /* typewriterClick1.mp3 */; };
		930480002C0F1A00006F9B0B /* typewriterClick2.mp3 in Resources */ = {isa = PBXBuildFile; fileRef = 93047FFE2C0F1A00006F9B0B /* typewriterClick2.mp3 */; };
		930480022C0F1C88006F9B0B /* typewriterConfirm.mp3 in Resources */ = {isa = PBXBuildFile; fileRef = 930480012C0F1C88006F9B0B /* typewriterConfirm.mp3 */; };
		93AFC5892C0C665300CA671A /* ModernGameView.swift in Sources */ = {isa = PBXBuildFile; fileRef = 93AFC5882C0C665300CA671A /* ModernGameView.swift */; };
		93AFC58A2C0CBFD400CA671A /* AppDelegate.swift in Sources */ = {isa = PBXBuildFile; fileRef = 93AFC5862C0C63BC00CA671A /* AppDelegate.swift */; };
		93AFC58C2C0D653000CA671A /* AstralGameController.swift in Sources */ = {isa = PBXBuildFile; fileRef = 93AFC58B2C0D653000CA671A /* AstralGameController.swift */; };
		93AFC58E2C0D67BA00CA671A /* AstralGameView.swift in Sources */ = {isa = PBXBuildFile; fileRef = 93AFC58D2C0D67BA00CA671A /* AstralGameView.swift */; };
		93C632742C0BD2500060A78A /* .gitignore in Resources */ = {isa = PBXBuildFile; fileRef = 93C632732C0BD2500060A78A /* .gitignore */; };
		93C632782C0BD2FA0060A78A /* DreadscapeApp.swift in Sources */ = {isa = PBXBuildFile; fileRef = 93C632752C0BD2FA0060A78A /* DreadscapeApp.swift */; };
		93C632792C0BD2FA0060A78A /* ChooseDoorView.swift in Sources */ = {isa = PBXBuildFile; fileRef = 93C632762C0BD2FA0060A78A /* ChooseDoorView.swift */; };
		93C6327A2C0BD2FA0060A78A /* PairingView.swift in Sources */ = {isa = PBXBuildFile; fileRef = 93C632772C0BD2FA0060A78A /* PairingView.swift */; };
		93C6327D2C0BD3120060A78A /* MultipeerConnectivity.swift in Sources */ = {isa = PBXBuildFile; fileRef = 93C6327B2C0BD3120060A78A /* MultipeerConnectivity.swift */; };
		FD5B4ADB2BFDEE8D00DB0981 /* (null) in Sources */ = {isa = PBXBuildFile; };
		FD5B4ADD2BFDEE8D00DB0981 /* art.scnassets in Resources */ = {isa = PBXBuildFile; fileRef = FD5B4ADC2BFDEE8D00DB0981 /* art.scnassets */; };
		FD5B4ADF2BFDEE8D00DB0981 /* ModernGameController.swift in Sources */ = {isa = PBXBuildFile; fileRef = FD5B4ADE2BFDEE8D00DB0981 /* ModernGameController.swift */; };
		FD5B4AE42BFDEE8E00DB0981 /* Assets.xcassets in Resources */ = {isa = PBXBuildFile; fileRef = FD5B4AE32BFDEE8E00DB0981 /* Assets.xcassets */; };
		FD782DC22C09B7FF002E394E /* horror_ambience.mp3 in Resources */ = {isa = PBXBuildFile; fileRef = FD782DC12C09B7FF002E394E /* horror_ambience.mp3 */; };
/* End PBXBuildFile section */

/* Begin PBXFileReference section */
		93047FE52C0EF558006F9B0B /* CormorantUpright-Bold.ttf */ = {isa = PBXFileReference; lastKnownFileType = file; path = "CormorantUpright-Bold.ttf"; sourceTree = "<group>"; };
		93047FE62C0EF558006F9B0B /* CormorantUpright-Light.ttf */ = {isa = PBXFileReference; lastKnownFileType = file; path = "CormorantUpright-Light.ttf"; sourceTree = "<group>"; };
		93047FE72C0EF558006F9B0B /* CormorantUpright-Medium.ttf */ = {isa = PBXFileReference; lastKnownFileType = file; path = "CormorantUpright-Medium.ttf"; sourceTree = "<group>"; };
		93047FE82C0EF558006F9B0B /* CormorantUpright-Regular.ttf */ = {isa = PBXFileReference; lastKnownFileType = file; path = "CormorantUpright-Regular.ttf"; sourceTree = "<group>"; };
		93047FE92C0EF558006F9B0B /* CormorantUpright-SemiBold.ttf */ = {isa = PBXFileReference; lastKnownFileType = file; path = "CormorantUpright-SemiBold.ttf"; sourceTree = "<group>"; };
		93047FFD2C0F1A00006F9B0B /* typewriterClick1.mp3 */ = {isa = PBXFileReference; lastKnownFileType = audio.mp3; path = typewriterClick1.mp3; sourceTree = "<group>"; };
		93047FFE2C0F1A00006F9B0B /* typewriterClick2.mp3 */ = {isa = PBXFileReference; lastKnownFileType = audio.mp3; path = typewriterClick2.mp3; sourceTree = "<group>"; };
		930480012C0F1C88006F9B0B /* typewriterConfirm.mp3 */ = {isa = PBXFileReference; lastKnownFileType = audio.mp3; path = typewriterConfirm.mp3; sourceTree = "<group>"; };
		93AFC5862C0C63BC00CA671A /* AppDelegate.swift */ = {isa = PBXFileReference; fileEncoding = 4; lastKnownFileType = sourcecode.swift; path = AppDelegate.swift; sourceTree = "<group>"; };
		93AFC5882C0C665300CA671A /* ModernGameView.swift */ = {isa = PBXFileReference; lastKnownFileType = sourcecode.swift; path = ModernGameView.swift; sourceTree = "<group>"; };
		93AFC58B2C0D653000CA671A /* AstralGameController.swift */ = {isa = PBXFileReference; lastKnownFileType = sourcecode.swift; path = AstralGameController.swift; sourceTree = "<group>"; };
		93AFC58D2C0D67BA00CA671A /* AstralGameView.swift */ = {isa = PBXFileReference; lastKnownFileType = sourcecode.swift; path = AstralGameView.swift; sourceTree = "<group>"; };
		93C632732C0BD2500060A78A /* .gitignore */ = {isa = PBXFileReference; fileEncoding = 4; lastKnownFileType = text; path = .gitignore; sourceTree = "<group>"; };
		93C632752C0BD2FA0060A78A /* DreadscapeApp.swift */ = {isa = PBXFileReference; fileEncoding = 4; lastKnownFileType = sourcecode.swift; path = DreadscapeApp.swift; sourceTree = "<group>"; };
		93C632762C0BD2FA0060A78A /* ChooseDoorView.swift */ = {isa = PBXFileReference; fileEncoding = 4; lastKnownFileType = sourcecode.swift; path = ChooseDoorView.swift; sourceTree = "<group>"; };
		93C632772C0BD2FA0060A78A /* PairingView.swift */ = {isa = PBXFileReference; fileEncoding = 4; lastKnownFileType = sourcecode.swift; path = PairingView.swift; sourceTree = "<group>"; };
		93C6327B2C0BD3120060A78A /* MultipeerConnectivity.swift */ = {isa = PBXFileReference; fileEncoding = 4; lastKnownFileType = sourcecode.swift; path = MultipeerConnectivity.swift; sourceTree = "<group>"; };
		93C6327E2C0BD5400060A78A /* Info.plist */ = {isa = PBXFileReference; lastKnownFileType = text.plist; path = Info.plist; sourceTree = "<group>"; };
		FD5B4AD72BFDEE8D00DB0981 /* stage2.app */ = {isa = PBXFileReference; explicitFileType = wrapper.application; includeInIndex = 0; path = stage2.app; sourceTree = BUILT_PRODUCTS_DIR; };
		FD5B4ADC2BFDEE8D00DB0981 /* art.scnassets */ = {isa = PBXFileReference; lastKnownFileType = wrapper.scnassets; path = art.scnassets; sourceTree = "<group>"; };
		FD5B4ADE2BFDEE8D00DB0981 /* ModernGameController.swift */ = {isa = PBXFileReference; lastKnownFileType = sourcecode.swift; path = ModernGameController.swift; sourceTree = "<group>"; };
		FD5B4AE32BFDEE8E00DB0981 /* Assets.xcassets */ = {isa = PBXFileReference; lastKnownFileType = folder.assetcatalog; path = Assets.xcassets; sourceTree = "<group>"; };
		FD782DC12C09B7FF002E394E /* horror_ambience.mp3 */ = {isa = PBXFileReference; lastKnownFileType = audio.mp3; path = horror_ambience.mp3; sourceTree = "<group>"; };
/* End PBXFileReference section */

/* Begin PBXFrameworksBuildPhase section */
		FD5B4AD42BFDEE8D00DB0981 /* Frameworks */ = {
			isa = PBXFrameworksBuildPhase;
			buildActionMask = 2147483647;
			files = (
			);
			runOnlyForDeploymentPostprocessing = 0;
		};
/* End PBXFrameworksBuildPhase section */

/* Begin PBXGroup section */
		93047FE42C0EF538006F9B0B /* fonts */ = {
			isa = PBXGroup;
			children = (
				93047FEA2C0EF558006F9B0B /* Cormorant_Upright */,
			);
			path = fonts;
			sourceTree = "<group>";
		};
		93047FEA2C0EF558006F9B0B /* Cormorant_Upright */ = {
			isa = PBXGroup;
			children = (
				93047FE52C0EF558006F9B0B /* CormorantUpright-Bold.ttf */,
				93047FE62C0EF558006F9B0B /* CormorantUpright-Light.ttf */,
				93047FE72C0EF558006F9B0B /* CormorantUpright-Medium.ttf */,
				93047FE82C0EF558006F9B0B /* CormorantUpright-Regular.ttf */,
				93047FE92C0EF558006F9B0B /* CormorantUpright-SemiBold.ttf */,
			);
			path = Cormorant_Upright;
			sourceTree = "<group>";
		};
		93047FF02C0F13CF006F9B0B /* typewriterAssets */ = {
			isa = PBXGroup;
			children = (
				930480012C0F1C88006F9B0B /* typewriterConfirm.mp3 */,
				93047FFD2C0F1A00006F9B0B /* typewriterClick1.mp3 */,
				93047FFE2C0F1A00006F9B0B /* typewriterClick2.mp3 */,
			);
			path = typewriterAssets;
			sourceTree = "<group>";
		};
		93C6327C2C0BD3120060A78A /* utils */ = {
			isa = PBXGroup;
			children = (
				93AFC5862C0C63BC00CA671A /* AppDelegate.swift */,
				FD5B4ADE2BFDEE8D00DB0981 /* ModernGameController.swift */,
				93C6327B2C0BD3120060A78A /* MultipeerConnectivity.swift */,
				93AFC58B2C0D653000CA671A /* AstralGameController.swift */,
			);
			path = utils;
			sourceTree = "<group>";
		};
		FD5B4ACE2BFDEE8D00DB0981 = {
			isa = PBXGroup;
			children = (
				93C632732C0BD2500060A78A /* .gitignore */,
				FD5B4AD92BFDEE8D00DB0981 /* stage2 */,
				FD5B4AD82BFDEE8D00DB0981 /* Products */,
			);
			sourceTree = "<group>";
		};
		FD5B4AD82BFDEE8D00DB0981 /* Products */ = {
			isa = PBXGroup;
			children = (
				FD5B4AD72BFDEE8D00DB0981 /* stage2.app */,
			);
			name = Products;
			sourceTree = "<group>";
		};
		FD5B4AD92BFDEE8D00DB0981 /* stage2 */ = {
			isa = PBXGroup;
			children = (
				93047FF02C0F13CF006F9B0B /* typewriterAssets */,
				93047FE42C0EF538006F9B0B /* fonts */,
				93C6327E2C0BD5400060A78A /* Info.plist */,
				93C6327C2C0BD3120060A78A /* utils */,
				FD5B4ADC2BFDEE8D00DB0981 /* art.scnassets */,
				93C632762C0BD2FA0060A78A /* ChooseDoorView.swift */,
				93AFC5882C0C665300CA671A /* ModernGameView.swift */,
				93AFC58D2C0D67BA00CA671A /* AstralGameView.swift */,
				93C632752C0BD2FA0060A78A /* DreadscapeApp.swift */,
				93C632772C0BD2FA0060A78A /* PairingView.swift */,
				FD782DC12C09B7FF002E394E /* horror_ambience.mp3 */,
				FD5B4AE32BFDEE8E00DB0981 /* Assets.xcassets */,
			);
			path = stage2;
			sourceTree = "<group>";
		};
/* End PBXGroup section */

/* Begin PBXNativeTarget section */
		FD5B4AD62BFDEE8D00DB0981 /* stage2 */ = {
			isa = PBXNativeTarget;
			buildConfigurationList = FD5B4AEA2BFDEE8F00DB0981 /* Build configuration list for PBXNativeTarget "stage2" */;
			buildPhases = (
				FD5B4AD32BFDEE8D00DB0981 /* Sources */,
				FD5B4AD42BFDEE8D00DB0981 /* Frameworks */,
				FD5B4AD52BFDEE8D00DB0981 /* Resources */,
			);
			buildRules = (
			);
			dependencies = (
			);
			name = stage2;
			productName = stage2;
			productReference = FD5B4AD72BFDEE8D00DB0981 /* stage2.app */;
			productType = "com.apple.product-type.application";
		};
/* End PBXNativeTarget section */

/* Begin PBXProject section */
		FD5B4ACF2BFDEE8D00DB0981 /* Project object */ = {
			isa = PBXProject;
			attributes = {
				BuildIndependentTargetsInParallel = 1;
				LastSwiftUpdateCheck = 1530;
				LastUpgradeCheck = 1530;
				TargetAttributes = {
					FD5B4AD62BFDEE8D00DB0981 = {
						CreatedOnToolsVersion = 15.3;
					};
				};
			};
			buildConfigurationList = FD5B4AD22BFDEE8D00DB0981 /* Build configuration list for PBXProject "stage2" */;
			compatibilityVersion = "Xcode 14.0";
			developmentRegion = en;
			hasScannedForEncodings = 0;
			knownRegions = (
				en,
				Base,
			);
			mainGroup = FD5B4ACE2BFDEE8D00DB0981;
			productRefGroup = FD5B4AD82BFDEE8D00DB0981 /* Products */;
			projectDirPath = "";
			projectRoot = "";
			targets = (
				FD5B4AD62BFDEE8D00DB0981 /* stage2 */,
			);
		};
/* End PBXProject section */

/* Begin PBXResourcesBuildPhase section */
		FD5B4AD52BFDEE8D00DB0981 /* Resources */ = {
			isa = PBXResourcesBuildPhase;
			buildActionMask = 2147483647;
			files = (
				93C632742C0BD2500060A78A /* .gitignore in Resources */,
				FD5B4ADD2BFDEE8D00DB0981 /* art.scnassets in Resources */,
				93047FFF2C0F1A00006F9B0B /* typewriterClick1.mp3 in Resources */,
				FD5B4AE42BFDEE8E00DB0981 /* Assets.xcassets in Resources */,
				930480002C0F1A00006F9B0B /* typewriterClick2.mp3 in Resources */,
				93047FEE2C0EF558006F9B0B /* CormorantUpright-Regular.ttf in Resources */,
				93047FEC2C0EF558006F9B0B /* CormorantUpright-Light.ttf in Resources */,
				93047FED2C0EF558006F9B0B /* CormorantUpright-Medium.ttf in Resources */,
				FD782DC22C09B7FF002E394E /* horror_ambience.mp3 in Resources */,
				930480022C0F1C88006F9B0B /* typewriterConfirm.mp3 in Resources */,
				93047FEB2C0EF558006F9B0B /* CormorantUpright-Bold.ttf in Resources */,
				93047FEF2C0EF558006F9B0B /* CormorantUpright-SemiBold.ttf in Resources */,
			);
			runOnlyForDeploymentPostprocessing = 0;
		};
/* End PBXResourcesBuildPhase section */

/* Begin PBXSourcesBuildPhase section */
		FD5B4AD32BFDEE8D00DB0981 /* Sources */ = {
			isa = PBXSourcesBuildPhase;
			buildActionMask = 2147483647;
			files = (
				93AFC58A2C0CBFD400CA671A /* AppDelegate.swift in Sources */,
				93C6327A2C0BD2FA0060A78A /* PairingView.swift in Sources */,
				93C632782C0BD2FA0060A78A /* DreadscapeApp.swift in Sources */,
				FD5B4ADF2BFDEE8D00DB0981 /* ModernGameController.swift in Sources */,
				FD5B4ADB2BFDEE8D00DB0981 /* (null) in Sources */,
				93AFC58E2C0D67BA00CA671A /* AstralGameView.swift in Sources */,
				93C6327D2C0BD3120060A78A /* MultipeerConnectivity.swift in Sources */,
				93AFC5892C0C665300CA671A /* ModernGameView.swift in Sources */,
				93AFC58C2C0D653000CA671A /* AstralGameController.swift in Sources */,
				93C632792C0BD2FA0060A78A /* ChooseDoorView.swift in Sources */,
			);
			runOnlyForDeploymentPostprocessing = 0;
		};
/* End PBXSourcesBuildPhase section */

/* Begin XCBuildConfiguration section */
		FD5B4AE82BFDEE8F00DB0981 /* Debug */ = {
			isa = XCBuildConfiguration;
			buildSettings = {
				ALWAYS_SEARCH_USER_PATHS = NO;
				ASSETCATALOG_COMPILER_GENERATE_SWIFT_ASSET_SYMBOL_EXTENSIONS = YES;
				CLANG_ANALYZER_NONNULL = YES;
				CLANG_ANALYZER_NUMBER_OBJECT_CONVERSION = YES_AGGRESSIVE;
				CLANG_CXX_LANGUAGE_STANDARD = "gnu++20";
				CLANG_ENABLE_MODULES = YES;
				CLANG_ENABLE_OBJC_ARC = YES;
				CLANG_ENABLE_OBJC_WEAK = YES;
				CLANG_WARN_BLOCK_CAPTURE_AUTORELEASING = YES;
				CLANG_WARN_BOOL_CONVERSION = YES;
				CLANG_WARN_COMMA = YES;
				CLANG_WARN_CONSTANT_CONVERSION = YES;
				CLANG_WARN_DEPRECATED_OBJC_IMPLEMENTATIONS = YES;
				CLANG_WARN_DIRECT_OBJC_ISA_USAGE = YES_ERROR;
				CLANG_WARN_DOCUMENTATION_COMMENTS = YES;
				CLANG_WARN_EMPTY_BODY = YES;
				CLANG_WARN_ENUM_CONVERSION = YES;
				CLANG_WARN_INFINITE_RECURSION = YES;
				CLANG_WARN_INT_CONVERSION = YES;
				CLANG_WARN_NON_LITERAL_NULL_CONVERSION = YES;
				CLANG_WARN_OBJC_IMPLICIT_RETAIN_SELF = YES;
				CLANG_WARN_OBJC_LITERAL_CONVERSION = YES;
				CLANG_WARN_OBJC_ROOT_CLASS = YES_ERROR;
				CLANG_WARN_QUOTED_INCLUDE_IN_FRAMEWORK_HEADER = YES;
				CLANG_WARN_RANGE_LOOP_ANALYSIS = YES;
				CLANG_WARN_STRICT_PROTOTYPES = YES;
				CLANG_WARN_SUSPICIOUS_MOVE = YES;
				CLANG_WARN_UNGUARDED_AVAILABILITY = YES_AGGRESSIVE;
				CLANG_WARN_UNREACHABLE_CODE = YES;
				CLANG_WARN__DUPLICATE_METHOD_MATCH = YES;
				COPY_PHASE_STRIP = NO;
				DEBUG_INFORMATION_FORMAT = dwarf;
				ENABLE_STRICT_OBJC_MSGSEND = YES;
				ENABLE_TESTABILITY = YES;
				ENABLE_USER_SCRIPT_SANDBOXING = YES;
				GCC_C_LANGUAGE_STANDARD = gnu17;
				GCC_DYNAMIC_NO_PIC = NO;
				GCC_NO_COMMON_BLOCKS = YES;
				GCC_OPTIMIZATION_LEVEL = 0;
				GCC_PREPROCESSOR_DEFINITIONS = (
					"DEBUG=1",
					"$(inherited)",
				);
				GCC_WARN_64_TO_32_BIT_CONVERSION = YES;
				GCC_WARN_ABOUT_RETURN_TYPE = YES_ERROR;
				GCC_WARN_UNDECLARED_SELECTOR = YES;
				GCC_WARN_UNINITIALIZED_AUTOS = YES_AGGRESSIVE;
				GCC_WARN_UNUSED_FUNCTION = YES;
				GCC_WARN_UNUSED_VARIABLE = YES;
				IPHONEOS_DEPLOYMENT_TARGET = 17.4;
				LOCALIZATION_PREFERS_STRING_CATALOGS = YES;
				MTL_ENABLE_DEBUG_INFO = INCLUDE_SOURCE;
				MTL_FAST_MATH = YES;
				ONLY_ACTIVE_ARCH = YES;
				SDKROOT = iphoneos;
				SWIFT_ACTIVE_COMPILATION_CONDITIONS = "DEBUG $(inherited)";
				SWIFT_OPTIMIZATION_LEVEL = "-Onone";
			};
			name = Debug;
		};
		FD5B4AE92BFDEE8F00DB0981 /* Release */ = {
			isa = XCBuildConfiguration;
			buildSettings = {
				ALWAYS_SEARCH_USER_PATHS = NO;
				ASSETCATALOG_COMPILER_GENERATE_SWIFT_ASSET_SYMBOL_EXTENSIONS = YES;
				CLANG_ANALYZER_NONNULL = YES;
				CLANG_ANALYZER_NUMBER_OBJECT_CONVERSION = YES_AGGRESSIVE;
				CLANG_CXX_LANGUAGE_STANDARD = "gnu++20";
				CLANG_ENABLE_MODULES = YES;
				CLANG_ENABLE_OBJC_ARC = YES;
				CLANG_ENABLE_OBJC_WEAK = YES;
				CLANG_WARN_BLOCK_CAPTURE_AUTORELEASING = YES;
				CLANG_WARN_BOOL_CONVERSION = YES;
				CLANG_WARN_COMMA = YES;
				CLANG_WARN_CONSTANT_CONVERSION = YES;
				CLANG_WARN_DEPRECATED_OBJC_IMPLEMENTATIONS = YES;
				CLANG_WARN_DIRECT_OBJC_ISA_USAGE = YES_ERROR;
				CLANG_WARN_DOCUMENTATION_COMMENTS = YES;
				CLANG_WARN_EMPTY_BODY = YES;
				CLANG_WARN_ENUM_CONVERSION = YES;
				CLANG_WARN_INFINITE_RECURSION = YES;
				CLANG_WARN_INT_CONVERSION = YES;
				CLANG_WARN_NON_LITERAL_NULL_CONVERSION = YES;
				CLANG_WARN_OBJC_IMPLICIT_RETAIN_SELF = YES;
				CLANG_WARN_OBJC_LITERAL_CONVERSION = YES;
				CLANG_WARN_OBJC_ROOT_CLASS = YES_ERROR;
				CLANG_WARN_QUOTED_INCLUDE_IN_FRAMEWORK_HEADER = YES;
				CLANG_WARN_RANGE_LOOP_ANALYSIS = YES;
				CLANG_WARN_STRICT_PROTOTYPES = YES;
				CLANG_WARN_SUSPICIOUS_MOVE = YES;
				CLANG_WARN_UNGUARDED_AVAILABILITY = YES_AGGRESSIVE;
				CLANG_WARN_UNREACHABLE_CODE = YES;
				CLANG_WARN__DUPLICATE_METHOD_MATCH = YES;
				COPY_PHASE_STRIP = NO;
				DEBUG_INFORMATION_FORMAT = "dwarf-with-dsym";
				ENABLE_NS_ASSERTIONS = NO;
				ENABLE_STRICT_OBJC_MSGSEND = YES;
				ENABLE_USER_SCRIPT_SANDBOXING = YES;
				GCC_C_LANGUAGE_STANDARD = gnu17;
				GCC_NO_COMMON_BLOCKS = YES;
				GCC_WARN_64_TO_32_BIT_CONVERSION = YES;
				GCC_WARN_ABOUT_RETURN_TYPE = YES_ERROR;
				GCC_WARN_UNDECLARED_SELECTOR = YES;
				GCC_WARN_UNINITIALIZED_AUTOS = YES_AGGRESSIVE;
				GCC_WARN_UNUSED_FUNCTION = YES;
				GCC_WARN_UNUSED_VARIABLE = YES;
				IPHONEOS_DEPLOYMENT_TARGET = 17.4;
				LOCALIZATION_PREFERS_STRING_CATALOGS = YES;
				MTL_ENABLE_DEBUG_INFO = NO;
				MTL_FAST_MATH = YES;
				SDKROOT = iphoneos;
				SWIFT_COMPILATION_MODE = wholemodule;
				VALIDATE_PRODUCT = YES;
			};
			name = Release;
		};
		FD5B4AEB2BFDEE8F00DB0981 /* Debug */ = {
			isa = XCBuildConfiguration;
			buildSettings = {
				ASSETCATALOG_COMPILER_APPICON_NAME = AppIcon;
				ASSETCATALOG_COMPILER_GLOBAL_ACCENT_COLOR_NAME = AccentColor;
				CODE_SIGN_STYLE = Automatic;
				CURRENT_PROJECT_VERSION = 1;
				DEVELOPMENT_TEAM = KNP937X993;
				GENERATE_INFOPLIST_FILE = YES;
				INFOPLIST_FILE = stage2/Info.plist;
				INFOPLIST_KEY_CFBundleDisplayName = Dreadscape;
				INFOPLIST_KEY_LSApplicationCategoryType = "public.app-category.puzzle-games";
				INFOPLIST_KEY_NSLocalNetworkUsageDescription = "This game needs to access local network to start playing";
				INFOPLIST_KEY_NSMicrophoneUsageDescription = "Enable microphone access for sound level details";
				INFOPLIST_KEY_UIApplicationSupportsIndirectInputEvents = YES;
				INFOPLIST_KEY_UILaunchStoryboardName = LaunchScreen;
				INFOPLIST_KEY_UIRequiresFullScreen = YES;
				INFOPLIST_KEY_UIStatusBarHidden = YES;
				INFOPLIST_KEY_UIStatusBarStyle = UIStatusBarStyleDarkContent;
				INFOPLIST_KEY_UISupportedInterfaceOrientations = "UIInterfaceOrientationLandscapeLeft UIInterfaceOrientationLandscapeRight";
				IPHONEOS_DEPLOYMENT_TARGET = 17.0;
				LD_RUNPATH_SEARCH_PATHS = (
					"$(inherited)",
					"@executable_path/Frameworks",
				);
				MARKETING_VERSION = 1.0;
				PRODUCT_BUNDLE_IDENTIFIER = com.dreadscape;
				PRODUCT_NAME = "$(TARGET_NAME)";
				SUPPORTED_PLATFORMS = "iphoneos iphonesimulator";
				SUPPORTS_MACCATALYST = NO;
				SUPPORTS_MAC_DESIGNED_FOR_IPHONE_IPAD = NO;
				SUPPORTS_XR_DESIGNED_FOR_IPHONE_IPAD = NO;
				SWIFT_EMIT_LOC_STRINGS = YES;
				SWIFT_VERSION = 5.0;
				TARGETED_DEVICE_FAMILY = "1,2";
			};
			name = Debug;
		};
		FD5B4AEC2BFDEE8F00DB0981 /* Release */ = {
			isa = XCBuildConfiguration;
			buildSettings = {
				ASSETCATALOG_COMPILER_APPICON_NAME = AppIcon;
				ASSETCATALOG_COMPILER_GLOBAL_ACCENT_COLOR_NAME = AccentColor;
				CODE_SIGN_STYLE = Automatic;
				CURRENT_PROJECT_VERSION = 1;
				DEVELOPMENT_TEAM = KNP937X993;
				GENERATE_INFOPLIST_FILE = YES;
				INFOPLIST_FILE = stage2/Info.plist;
				INFOPLIST_KEY_CFBundleDisplayName = Dreadscape;
				INFOPLIST_KEY_LSApplicationCategoryType = "public.app-category.puzzle-games";
				INFOPLIST_KEY_NSLocalNetworkUsageDescription = "This game needs to access local network to start playing";
				INFOPLIST_KEY_NSMicrophoneUsageDescription = "Enable microphone access for sound level details";
				INFOPLIST_KEY_UIApplicationSupportsIndirectInputEvents = YES;
				INFOPLIST_KEY_UILaunchStoryboardName = LaunchScreen;
				INFOPLIST_KEY_UIRequiresFullScreen = YES;
				INFOPLIST_KEY_UIStatusBarHidden = YES;
				INFOPLIST_KEY_UIStatusBarStyle = UIStatusBarStyleDarkContent;
				INFOPLIST_KEY_UISupportedInterfaceOrientations = "UIInterfaceOrientationLandscapeLeft UIInterfaceOrientationLandscapeRight";
				IPHONEOS_DEPLOYMENT_TARGET = 17.0;
				LD_RUNPATH_SEARCH_PATHS = (
					"$(inherited)",
					"@executable_path/Frameworks",
				);
				MARKETING_VERSION = 1.0;
				PRODUCT_BUNDLE_IDENTIFIER = com.dreadscape;
				PRODUCT_NAME = "$(TARGET_NAME)";
				SUPPORTED_PLATFORMS = "iphoneos iphonesimulator";
				SUPPORTS_MACCATALYST = NO;
				SUPPORTS_MAC_DESIGNED_FOR_IPHONE_IPAD = NO;
				SUPPORTS_XR_DESIGNED_FOR_IPHONE_IPAD = NO;
				SWIFT_EMIT_LOC_STRINGS = YES;
				SWIFT_VERSION = 5.0;
				TARGETED_DEVICE_FAMILY = "1,2";
			};
			name = Release;
		};
/* End XCBuildConfiguration section */

/* Begin XCConfigurationList section */
		FD5B4AD22BFDEE8D00DB0981 /* Build configuration list for PBXProject "stage2" */ = {
			isa = XCConfigurationList;
			buildConfigurations = (
				FD5B4AE82BFDEE8F00DB0981 /* Debug */,
				FD5B4AE92BFDEE8F00DB0981 /* Release */,
			);
			defaultConfigurationIsVisible = 0;
			defaultConfigurationName = Release;
		};
		FD5B4AEA2BFDEE8F00DB0981 /* Build configuration list for PBXNativeTarget "stage2" */ = {
			isa = XCConfigurationList;
			buildConfigurations = (
				FD5B4AEB2BFDEE8F00DB0981 /* Debug */,
				FD5B4AEC2BFDEE8F00DB0981 /* Release */,
			);
			defaultConfigurationIsVisible = 0;
			defaultConfigurationName = Release;
		};
/* End XCConfigurationList section */
	};
	rootObject = FD5B4ACF2BFDEE8D00DB0981 /* Project object */;
}
